github.com/alexkohler/nakedret v0.0.0-20171106223215-c0e305a4f690 h1:+tfdYWf4oDrj9c0/77f5oDBxZT2EPjS1AJf+PApGNCk=
github.com/alexkohler/nakedret v0.0.0-20171106223215-c0e305a4f690/go.mod h1:tfDQbtPt67HhBK/6P0yNktIX7peCxfOp0jO9007DrLE=
github.com/davecgh/go-spew v1.1.1 h1:vj9j/u1bqnvCEfJOwUhtlOARqs3+rkHYY13jYWTU97c=
github.com/davecgh/go-spew v1.1.1/go.mod h1:J7Y8YcW2NihsgmVo/mv3lAwl/skON4iLHjSsI+c5H38=
github.com/fzipp/gocyclo v0.0.0-20150627053110-6acd4345c835 h1:roDmqJ4Qes7hrDOsWsMCce0vQHz3xiMPjJ9m4c2eeNs=
github.com/fzipp/gocyclo v0.0.0-20150627053110-6acd4345c835/go.mod h1:BjL/N0+C+j9uNX+1xcNuM9vdSIcXCZrQZUYbXOFbgN8=
github.com/golang/lint v0.0.0-20180702182130-06c8688daad7 h1:2hRPrmiwPrp3fQX967rNJIhQPtiGXdlQWAxKbKw3VHA=
github.com/golang/lint v0.0.0-20180702182130-06c8688daad7/go.mod h1:tluoj9z5200jBnyusfRPU2LqT6J+DAorxEvtC7LHB+E=
github.com/kisielk/errcheck v1.1.0 h1:ZqfnKyx9KGpRcW04j5nnPDgRgoXUeLh2YFBeFzphcA0=
github.com/kisielk/errcheck v1.1.0/go.mod h1:EZBBE59ingxPouuu3KfxchcWSUPOHkagtvWXihfKN4Q=
github.com/kisielk/gotool v1.0.0 h1:AV2c/EiW3KqPNT9ZKl07ehoAGi4C5/01Cfbblndcapg=
github.com/kisielk/gotool v1.0.0/go.mod h1:XhKaO+MFFWcvkIS/tQcRk01m1F5IRFswLeQ+oQHNcck=
github.com/pmezard/go-difflib v1.0.0 h1:4DBwDE0NGyQoBHbLQYPwSUPoCMWR5BEzIk/f1lZbAQM=
github.com/pmezard/go-difflib v1.0.0/go.mod h1:iKH77koFhYxTK1pcRnkKkqfTogsbg7gZNVY4sRDYZ/4=
github.com/stretchr/testify v1.2.2 h1:bSDNvY7ZPG5RlJ8otE/7V6gMiyenm9RtJ7IUVIAoJ1w=
github.com/stretchr/testify v1.2.2/go.mod h1:a8OnRcib4nhh0OaRAV+Yts87kKdq0PP7pXfy6kDkUVs=
golang.org/x/lint v0.0.0-20180702182130-06c8688daad7 h1:00BeQWmeaGazuOrq8Q5K5d3/cHaGuFrZzpaHBXfrsUA=
golang.org/x/lint v0.0.0-20180702182130-06c8688daad7/go.mod h1:UVdnD1Gm6xHRNCYTkRU2/jEulfH38KcIWyp/GAMgvoE=
golang.org/x/tools v0.0.0-20180221164845-07fd8470d635/go.mod h1:n7NCudcB/nEzxVGmLbDWY5pfWTLqBcC2KZ6jyYvM4mQ=
golang.org/x/tools v0.0.0-20180828015842-6cd1fcedba52 h1:JG/0uqcGdTNgq7FdU+61l5Pdmb8putNZlXb65bJBROs=
golang.org/x/tools v0.0.0-20180828015842-6cd1fcedba52/go.mod h1:n7NCudcB/nEzxVGmLbDWY5pfWTLqBcC2KZ6jyYvM4mQ=
mvdan.cc/interfacer v0.0.0-20180326104626-822e100dd73a h1:BdF4B1NgxIhmqSzfc0aikOU3WlPCFyUQ4JFHMTV0sCQ=
mvdan.cc/interfacer v0.0.0-20180326104626-822e100dd73a/go.mod h1:Xkxe497xwlCKkIaQYRfC7CSLworTXY9RMqwhhCm+8Nc=
mvdan.cc/lint v0.0.0-20170908181259-adc824a0674b h1:DxJ5nJdkhDlLok9K6qO+5290kphDJbHOQO1DFFFTeBo=
mvdan.cc/lint v0.0.0-20170908181259-adc824a0674b/go.mod h1:2odslEg/xrtNQqCYg2/jCoyKnw3vv5biOc3JnIcYfL4=
